{"1.2.0",
[{<<"base16">>,{pkg,<<"base16">>,<<"2.0.1">>},1},
 {<<"bbmustache">>,{pkg,<<"bbmustache">>,<<"1.12.2">>},0},
 {<<"brod">>,{pkg,<<"brod">>,<<"4.5.3">>},0},
 {<<"cowboy">>,{pkg,<<"cowboy">>,<<"2.12.0">>},0},
 {<<"cowlib">>,{pkg,<<"cowlib">>,<<"2.13.0">>},1},
 {<<"crc32cer">>,{pkg,<<"crc32cer">>,<<"1.1.3">>},2},
 {<<"eini">>,{pkg,<<"eini">>,<<"1.2.9">>},1},
 {<<"epgsql">>,{pkg,<<"epgsql">>,<<"4.8.0">>},0},
 {<<"erlcloud">>,{pkg,<<"erlcloud">>,<<"3.8.3">>},0},
 {<<"jsx">>,{pkg,<<"jsx">>,<<"2.11.0">>},1},
 {<<"kafka_protocol">>,{pkg,<<"kafka_protocol">>,<<"4.3.4">>},1},
 {<<"lhttpc">>,{pkg,<<"lhttpc">>,<<"1.7.1">>},1},
 {<<"prometheus">>,{pkg,<<"prometheus">>,<<"5.0.0">>},0},
 {<<"proper">>,{pkg,<<"proper">>,<<"1.5.0">>},0},
 {<<"quantile_estimator">>,{pkg,<<"quantile_estimator">>,<<"1.0.2">>},1},
 {<<"ranch">>,{pkg,<<"ranch">>,<<"1.8.0">>},1},
 {<<"supervisor3">>,{pkg,<<"supervisor3">>,<<"1.1.12">>},0},
 {<<"thoas">>,{pkg,<<"thoas">>,<<"1.2.1">>},0}]}.
[
{pkg_hash,[
 {<<"base16">>, <<"F0549F732E03BE8124ED0D19FD5EE52146CC8BE24C48CBC3F23AB44B157F11A2">>},
 {<<"bbmustache">>, <<"0CABDCE0DB9FE6D3318131174B9F2B351328A4C0AFBEB3E6E99BB0E02E9B621D">>},
 {<<"brod">>, <<"FCEADB37E53C06D20A786552F6E4CC75441BF1562D7E5B67067BC9D1D5A32F80">>},
 {<<"cowboy">>, <<"F276D521A1FF88B2B9B4C54D0E753DA6C66DD7BE6C9FCA3D9418B561828A3731">>},
 {<<"cowlib">>, <<"DB8F7505D8332D98EF50A3EF34B34C1AFDDEC7506E4EE4DD4A3A266285D282CA">>},
 {<<"crc32cer">>, <<"DA59F0DDD08F56D9A34186026C0B315CBC02CA390CF8CB15B045F10FB7DCC306">>},
 {<<"eini">>, <<"FCC3CBD49BBDD9A1D9735C7365DAFFCD84481CCE81E6CB80537883AA44AC4895">>},
 {<<"epgsql">>, <<"C491B141B8C37BCE7B67F2079F168F339BB374A7CF9A286CB3B40AD1CD3FABE5">>},
 {<<"erlcloud">>, <<"66DE6C7D37C6E688C7AE198D56B9CBE07B2CB80054B88A798437C533C3C7F418">>},
 {<<"jsx">>, <<"08154624050333919B4AC1B789667D5F4DB166DC50E190C4D778D1587F102EE0">>},
 {<<"kafka_protocol">>, <<"A641333AC8732071DC289ECA9AFB88D1ABF6FB7B160B95B9A48B5DEFFECCF189">>},
 {<<"lhttpc">>, <<"8522AF9877765C33318A3AE486BE69BC165E835D05C3334A8166FD7B318D446B">>},
 {<<"prometheus">>, <<"8A37A3216D8DB019D19068602669C9819C099120F8E39994DD1BD3A3F5553376">>},
 {<<"proper">>, <<"4A87CE8B219858E64C9AA015F4F7ED739D0AC3CA6BFD77FA62794617EE784225">>},
 {<<"quantile_estimator">>, <<"ECD281D40110FDD9BA62685531E4435E0839A52FD1058DA5564F1763E4642EF7">>},
 {<<"ranch">>, <<"8C7A100A139FD57F17327B6413E4167AC559FBC04CA7448E9BE9057311597A1D">>},
 {<<"supervisor3">>, <<"2FAB1AF26BB9F8AE07692BB30EF79D5F1940E1587EFF9C14C6C8B04B16B400A8">>},
 {<<"thoas">>, <<"19A25F31177A17E74004D4840F66D791D4298C5738790FA2CC73731EB911F195">>}]},
{pkg_hash_ext,[
 {<<"base16">>, <<"06EA2D48343282E712160BA89F692B471DB8B36ABE8394F3445FF9032251D772">>},
 {<<"bbmustache">>, <<"688B33A4D5CC2D51F575ADF0B3683FC40A38314A2F150906EDCFC77F5B577B3B">>},
 {<<"brod">>, <<"DE21C3D6103D70E85F765515422200CE9278044ACF41C86400B82B507DB5BA45">>},
 {<<"cowboy">>, <<"8A7ABE6D183372CEB21CAA2709BEC928AB2B72E18A3911AA1771639BEF82651E">>},
 {<<"cowlib">>, <<"E1E1284DC3FC030A64B1AD0D8382AE7E99DA46C3246B815318A4B848873800A4">>},
 {<<"crc32cer">>, <<"09C8B567B7BE6BF43066185341EC0798ECA7DBB66A6AB062AD0E2B25860D7CA1">>},
 {<<"eini">>, <<"DA64AE8DB7C2F502E6F20CDF44CD3D9BE364412B87FF49FEBF282540F673DFCB">>},
 {<<"epgsql">>, <<"00E550006A62FB439FC7E879419443C889C34605E9B9DC406029D8BAA1AD79D8">>},
 {<<"erlcloud">>, <<"6ED59CBD8816045765E3E76F22D08118766DF1BB1D24F5D90794C8505BCD6D44">>},
 {<<"jsx">>, <<"EED26A0D04D217F9EECEFFFB89714452556CF90EB38F290A27A4D45B9988F8C0">>},
 {<<"kafka_protocol">>, <<"2272CEE16A7046EBDCAF7440E5CCA0CE87110E691C2720E07DFCCE2E2E652C04">>},
 {<<"lhttpc">>, <<"154EEB27692482B52BE86406DCD1D18A2405CAFCE0E8DAA4A1A7BFA7FE295896">>},
 {<<"prometheus">>, <<"80D29564A5DC4490B53FD225D752B65FB0DBEBA41497F96D62223338127C5659">>},
 {<<"proper">>, <<"FBF7CF0625E5441A314514F7D8E1EAFF52090FCD94FF34B5171FF293D3F9969A">>},
 {<<"quantile_estimator">>, <<"DB404793D6384995A1AC6DD973E2CEE5BE9FCC128765BDBA53D87C564E296B64">>},
 {<<"ranch">>, <<"49FBCFD3682FAB1F5D109351B61257676DA1A2FDBE295904176D5E521A2DDFE5">>},
 {<<"supervisor3">>, <<"62BF29F802C8620B7F9609FE5D81212B1AA5A75A7D86876B61CEA73BE58BA2A6">>},
 {<<"thoas">>, <<"E38697EDFFD6E91BD12CEA41B155115282630075C2A727E7A6B2947F5408B86A">>}]}
].
